
Microsoft Visual Studio Solution File, Format Version 12.00
# Visual Studio Version 17
VisualStudioVersion = 17.7.34031.279
MinimumVisualStudioVersion = 10.0.40219.1
Project("{FAE04EC0-301F-11D3-BF4B-00C04F79EFBC}") = "NobelDijCLI", "NobelDijCLI\NobelDijCLI.csproj", "{89BBFDC9-D8F8-4852-8CF9-85899A04FBF2}"
EndProject
Project("{FAE04EC0-301F-11D3-BF4B-00C04F79EFBC}") = "NobelDijGUI", "NobelDijGUI\NobelDijGUI.csproj", "{A5BD6643-9B30-45C0-807B-41A8508E206C}"
EndProject
Global
	GlobalSection(SolutionConfigurationPlatforms) = preSolution
		Debug|Any CPU = Debug|Any CPU
		Release|Any CPU = Release|Any CPU
	EndGlobalSection
	GlobalSection(ProjectConfigurationPlatforms) = postSolution
		{89BBFDC9-D8F8-4852-8CF9-85899A04FBF2}.Debug|Any CPU.ActiveCfg = Debug|Any CPU
		{89BBFDC9-D8F8-4852-8CF9-85899A04FBF2}.Debug|Any CPU.Build.0 = Debug|Any CPU
		{89BBFDC9-D8F8-4852-8CF9-85899A04FBF2}.Release|Any CPU.ActiveCfg = Release|Any CPU
		{89BBFDC9-D8F8-4852-8CF9-85899A04FBF2}.Release|Any CPU.Build.0 = Release|Any CPU
		{A5BD6643-9B30-45C0-807B-41A8508E206C}.Debug|Any CPU.ActiveCfg = Debug|Any CPU
		{A5BD6643-9B30-45C0-807B-41A8508E206C}.Debug|Any CPU.Build.0 = Debug|Any CPU
		{A5BD6643-9B30-45C0-807B-41A8508E206C}.Release|Any CPU.ActiveCfg = Release|Any CPU
		{A5BD6643-9B30-45C0-807B-41A8508E206C}.Release|Any CPU.Build.0 = Release|Any CPU
	EndGlobalSection
	GlobalSection(SolutionProperties) = preSolution
		HideSolutionNode = FALSE
	EndGlobalSection
	GlobalSection(ExtensibilityGlobals) = postSolution
		SolutionGuid = {DE3FB454-C5B8-4981-BF76-26E36B6E1F27}
	EndGlobalSection
EndGlobal
